PODS:
  - Alamofire (4.3.0)
  - MapleBacon (3.0.1)
  - MBProgressHUD (1.0.0)

DEPENDENCIES:
  - Alamofire (~> 4.3)
  - MapleBacon
  - MBProgressHUD (~> 1.0.0)

SPEC CHECKSUMS:
  Alamofire: 856a113053a7bc9cbe5d6367a555d773fc5cfef7
  MapleBacon: 8fb0c45a0f147049ad49af6b36ac04a649baa74d
  MBProgressHUD: 4890f671c94e8a0f3cf959aa731e9de2f036d71a

PODFILE CHECKSUM: f36685cdba4fc67b00ef86197cc581d021d5edaa

COCOAPODS: 1.1.1
